# THIS IS AN AUTOGENERATED FILE. DO NOT EDIT THIS FILE DIRECTLY.
# yarn lockfile v1


"@cspotcode/source-map-support@^0.8.0":
  version "0.8.1"
  resolved "https://registry.npmjs.org/@cspotcode/source-map-support/-/source-map-support-0.8.1.tgz#00629c35a688e05a88b1cda684fb9d5e73f000a1"
  integrity sha512-IchNf6dN4tHoMFIn/7OE8LWZ19Y6q/67Bmf6vnGREv8RSbBVb9LPJxEcnwrcwX6ixSvaiGoomAUvu4YSxXrVgw==
  dependencies:
    "@jridgewell/trace-mapping" "0.3.9"

"@jridgewell/resolve-uri@^3.0.3":
  version "3.1.0"
  resolved "https://registry.npmjs.org/@jridgewell/resolve-uri/-/resolve-uri-3.1.0.tgz#2203b118c157721addfe69d47b70465463066d78"
  integrity sha512-F2msla3tad+Mfht5cJq7LSXcdudKTWCVYUgw6pLFOOHSTtZlj6SWNYAp+AhuqLmWdBO2X5hPrLcu8cVP8fy28w==

"@jridgewell/sourcemap-codec@^1.4.10":
  version "1.4.14"
  resolved "https://registry.npmjs.org/@jridgewell/sourcemap-codec/-/sourcemap-codec-1.4.14.tgz#add4c98d341472a289190b424efbdb096991bb24"
  integrity sha512-XPSJHWmi394fuUuzDnGz1wiKqWfo1yXecHQMRf2l6hztTO+nPru658AyDngaBe7isIxEkRsPR3FZh+s7iVa4Uw==

"@jridgewell/trace-mapping@0.3.9":
  version "0.3.9"
  resolved "https://registry.npmjs.org/@jridgewell/trace-mapping/-/trace-mapping-0.3.9.tgz#6534fd5933a53ba7cbf3a17615e273a0d1273ff9"
  integrity sha512-3Belt6tdc8bPgAtbcmdtNJlirVoTmEb5e2gC94PnkwEW9jI6CAHUeoG85tjWP5WquqfavoMtMwiG4P926ZKKuQ==
  dependencies:
    "@jridgewell/resolve-uri" "^3.0.3"
    "@jridgewell/sourcemap-codec" "^1.4.10"

"@sindresorhus/is@4.6.0", "@sindresorhus/is@^4.2.0":
  version "4.6.0"
  resolved "https://registry.npmjs.org/@sindresorhus/is/-/is-4.6.0.tgz#3c7c9c46e678feefe7a2e5bb609d3dbd665ffb3f"
  integrity sha512-t09vSN3MdfsyCHoFcTRCH/iUtG7OJ0CsjzB8cjAmKc/va/kIgeDI/TxsigdncE/4be734m0cvIYwNaV4i2XqAw==

"@supabase/functions-js@^1.3.4":
  version "1.3.4"
  resolved "https://registry.npmjs.org/@supabase/functions-js/-/functions-js-1.3.4.tgz#44f86f7cf949baa7f1bb414f3b8c0985a19df633"
  integrity sha512-yYVgkECjv7IZEBKBI3EB5Q7R1p0FJ10g8Q9N7SWKIHUU6i6DnbEGHIMFLyQRm1hmiNWD8fL7bRVEYacmTRJhHw==
  dependencies:
    cross-fetch "^3.1.5"

"@supabase/gotrue-js@^1.22.21":
  version "1.22.22"
  resolved "https://registry.npmjs.org/@supabase/gotrue-js/-/gotrue-js-1.22.22.tgz#ac504300336fb8612626340b869e8ab805d7bf52"
  integrity sha512-exbCopLo4tLawKZR25wEdipm+IRVujuqFRR4h2wiXd11YA+N8rfgg/4S4L6BTFHmzV+KMjy0kDF3yMbsjIR/xA==
  dependencies:
    cross-fetch "^3.0.6"

"@supabase/postgrest-js@^0.37.4":
  version "0.37.4"
  resolved "https://registry.npmjs.org/@supabase/postgrest-js/-/postgrest-js-0.37.4.tgz#8bc2a1353e139962dca931a8e7c8416d60b4a8ed"
  integrity sha512-x+c2rk1fz9s6f1PrGxCJ0QTUgXPDI0G3ngIqD5sSiXhhCyfl8Q5V92mXl2EYtlDhkiUkjFNrOZFhXVbXOHgvDw==
  dependencies:
    cross-fetch "^3.1.5"

"@supabase/realtime-js@^1.7.4":
  version "1.7.4"
  resolved "https://registry.npmjs.org/@supabase/realtime-js/-/realtime-js-1.7.4.tgz#701a4f87b3068b239d9f937ccde8850a174acf88"
  integrity sha512-h/Jk3PCLkIVonsNavof/LvHbvF41UD+D+mWcA3m8yHzJ2TLbV3S4XDYId+A3AkvFOAork7Ns/9O8rK0uY4F4zw==
  dependencies:
    "@types/phoenix" "^1.5.4"
    websocket "^1.0.34"

"@supabase/storage-js@^1.7.2":
  version "1.7.3"
  resolved "https://registry.npmjs.org/@supabase/storage-js/-/storage-js-1.7.3.tgz#b53cd6d289e2223919e6526364fd46977a643fbe"
  integrity sha512-jnIZWqOc9TGclOozgX9v/RWGFCgJAyW/yvmauexgRZhWknUXoA4b2i8tj7vfwE0WTvNRuA5JpXID98rfJeSG7Q==
  dependencies:
    cross-fetch "^3.1.0"

"@supabase/supabase-js@^1.35.6":
  version "1.35.6"
  resolved "https://registry.npmjs.org/@supabase/supabase-js/-/supabase-js-1.35.6.tgz#df5a2c132035ab9e5462ed474587902b3e767a66"
  integrity sha512-KDRXRr+kdGwruIUizZPALbe5YccMYFVyZJf1sFWKLncaLYSFiM6iKFnqCrNeQ4JFoZZiICkiTl1FUuai62jVpg==
  dependencies:
    "@supabase/functions-js" "^1.3.4"
    "@supabase/gotrue-js" "^1.22.21"
    "@supabase/postgrest-js" "^0.37.4"
    "@supabase/realtime-js" "^1.7.4"
    "@supabase/storage-js" "^1.7.2"

"@szmarczak/http-timer@4.0.6":
  version "4.0.6"
  resolved "https://registry.npmjs.org/@szmarczak/http-timer/-/http-timer-4.0.6.tgz#b4a914bb62e7c272d4e5989fe4440f812ab1d807"
  integrity sha512-4BAffykYOgO+5nzBWYwE3W90sBgLJoUPRWWcL8wlyiM8IB8ipJz3UMJ9KXQd1RKQXpKp8Tutn80HZtWsu2u76w==
  dependencies:
    defer-to-connect "^2.0.0"

"@tsconfig/node10@^1.0.7":
  version "1.0.9"
  resolved "https://registry.npmjs.org/@tsconfig/node10/-/node10-1.0.9.tgz#df4907fc07a886922637b15e02d4cebc4c0021b2"
  integrity sha512-jNsYVVxU8v5g43Erja32laIDHXeoNvFEpX33OK4d6hljo3jDhCBDhx5dhCCTMWUojscpAagGiRkBKxpdl9fxqA==

"@tsconfig/node12@^1.0.7":
  version "1.0.11"
  resolved "https://registry.npmjs.org/@tsconfig/node12/-/node12-1.0.11.tgz#ee3def1f27d9ed66dac6e46a295cffb0152e058d"
  integrity sha512-cqefuRsh12pWyGsIoBKJA9luFu3mRxCA+ORZvA4ktLSzIuCUtWVxGIuXigEwO5/ywWFMZ2QEGKWvkZG1zDMTag==

"@tsconfig/node14@^1.0.0":
  version "1.0.3"
  resolved "https://registry.npmjs.org/@tsconfig/node14/-/node14-1.0.3.tgz#e4386316284f00b98435bf40f72f75a09dabf6c1"
  integrity sha512-ysT8mhdixWK6Hw3i1V2AeRqZ5WfXg1G43mqoYlM2nc6388Fq5jcXyr5mRsqViLx/GJYdoL0bfXD8nmF+Zn/Iow==

"@tsconfig/node16@^1.0.2":
  version "1.0.3"
  resolved "https://registry.npmjs.org/@tsconfig/node16/-/node16-1.0.3.tgz#472eaab5f15c1ffdd7f8628bd4c4f753995ec79e"
  integrity sha512-yOlFc+7UtL/89t2ZhjPvvB/DeAr3r+Dq58IgzsFkOAvVC6NMJXmCGjbptdXdR9qsX7pKcTL+s87FtYREi2dEEQ==

"@types/cacheable-request@^6.0.2":
  version "6.0.2"
  resolved "https://registry.npmjs.org/@types/cacheable-request/-/cacheable-request-6.0.2.tgz#c324da0197de0a98a2312156536ae262429ff6b9"
  integrity sha512-B3xVo+dlKM6nnKTcmm5ZtY/OL8bOAOd2Olee9M1zft65ox50OzjEHW91sDiU9j6cvW8Ejg1/Qkf4xd2kugApUA==
  dependencies:
    "@types/http-cache-semantics" "*"
    "@types/keyv" "*"
    "@types/node" "*"
    "@types/responselike" "*"

"@types/http-cache-semantics@*":
  version "4.0.1"
  resolved "https://registry.npmjs.org/@types/http-cache-semantics/-/http-cache-semantics-4.0.1.tgz#0ea7b61496902b95890dc4c3a116b60cb8dae812"
  integrity sha512-SZs7ekbP8CN0txVG2xVRH6EgKmEm31BOxA07vkFaETzZz1xh+cbt8BcI0slpymvwhx5dlFnQG2rTlPVQn+iRPQ==

"@types/json-buffer@~3.0.0":
  version "3.0.0"
  resolved "https://registry.npmjs.org/@types/json-buffer/-/json-buffer-3.0.0.tgz#85c1ff0f0948fc159810d4b5be35bf8c20875f64"
  integrity sha512-3YP80IxxFJB4b5tYC2SUPwkg0XQLiu0nWvhRgEatgjf+29IcWO9X1k8xRv5DGssJ/lCrjYTjQPcobJr2yWIVuQ==

"@types/keyv@*":
  version "3.1.4"
  resolved "https://registry.npmjs.org/@types/keyv/-/keyv-3.1.4.tgz#3ccdb1c6751b0c7e52300bcdacd5bcbf8faa75b6"
  integrity sha512-BQ5aZNSCpj7D6K2ksrRCTmKRLEpnPvWDiLPfoGyhZ++8YtiK9d/3DBKPJgry359X/P1PfruyYwvnvwFjuEiEIg==
  dependencies:
    "@types/node" "*"

"@types/node@*":
  version "18.7.9"
  resolved "https://registry.npmjs.org/@types/node/-/node-18.7.9.tgz#180bfc495c91dc62573967edf047e15dbdce1491"
  integrity sha512-0N5Y1XAdcl865nDdjbO0m3T6FdmQ4ijE89/urOHLREyTXbpMWbSafx9y7XIsgWGtwUP2iYTinLyyW3FatAxBLQ==

"@types/phoenix@^1.5.4":
  version "1.5.4"
  resolved "https://registry.npmjs.org/@types/phoenix/-/phoenix-1.5.4.tgz#c08a1da6d7b4e365f6a1fe1ff9aada55f5356d24"
  integrity sha512-L5eZmzw89eXBKkiqVBcJfU1QGx9y+wurRIEgt0cuLH0hwNtVUxtx+6cu0R2STwWj468sjXyBYPYDtGclUd1kjQ==

"@types/responselike@*", "@types/responselike@^1.0.0":
  version "1.0.0"
  resolved "https://registry.npmjs.org/@types/responselike/-/responselike-1.0.0.tgz#251f4fe7d154d2bad125abe1b429b23afd262e29"
  integrity sha512-85Y2BjiufFzaMIlvJDvTTB8Fxl2xfLo4HgmHzVBz08w4wDePCTjYw66PdrolO0kzli3yam/YCgRufyo1DdQVTA==
  dependencies:
    "@types/node" "*"

acorn-walk@^8.1.1:
  version "8.2.0"
  resolved "https://registry.npmjs.org/acorn-walk/-/acorn-walk-8.2.0.tgz#741210f2e2426454508853a2f44d0ab83b7f69c1"
  integrity sha512-k+iyHEuPgSw6SbuDpGQM+06HQUa04DZ3o+F6CSzXMvvI5KMvnaEqXe+YVe555R9nn6GPt404fos4wcgpw12SDA==

acorn@^8.4.1:
  version "8.8.0"
  resolved "https://registry.npmjs.org/acorn/-/acorn-8.8.0.tgz#88c0187620435c7f6015803f5539dae05a9dbea8"
  integrity sha512-QOxyigPVrpZ2GXT+PFyZTl6TtOFc5egxHIP9IlQ+RbupQuX4RkT/Bee4/kQuC02Xkzg84JcT7oLYtDIQxp+v7w==

adm-zip@^0.5.9:
  version "0.5.9"
  resolved "https://registry.npmjs.org/adm-zip/-/adm-zip-0.5.9.tgz#b33691028333821c0cf95c31374c5462f2905a83"
  integrity sha512-s+3fXLkeeLjZ2kLjCBwQufpI5fuN+kIGBxu6530nVQZGVol0d7Y/M88/xw9HGGUcJjKf8LutN3VPRUBq6N7Ajg==

arg@^4.1.0:
  version "4.1.3"
  resolved "https://registry.npmjs.org/arg/-/arg-4.1.3.tgz#269fc7ad5b8e42cb63c896d5666017261c144089"
  integrity sha512-58S9QDqG0Xx27YwPSt9fJxivjYl432YCwfDMfZ+71RAqUrZef7LrKQZ3LHLOwCS4FLNBplP533Zx895SeOCHvA==

boolbase@~1.0.0:
  version "1.0.0"
  resolved "https://registry.npmjs.org/boolbase/-/boolbase-1.0.0.tgz#68dff5fbe60c51eb37725ea9e3ed310dcc1e776e"
  integrity sha512-JZOSA7Mo9sNGB8+UjSgzdLtokWAky1zbztM3WRLCbZ70/3cTANmQmOdR7y2g+J0e2WXywy1yS468tY+IruqEww==

browserslist@^4.21.1:
  version "4.21.3"
  resolved "https://registry.npmjs.org/browserslist/-/browserslist-4.21.3.tgz#5df277694eb3c48bc5c4b05af3e8b7e09c5a6d1a"
  integrity sha512-898rgRXLAyRkM1GryrrBHGkqA5hlpkV5MhtZwg9QXeiyLUYs2k00Un05aX5l2/yJIOObYKOpS2JNo8nJDE7fWQ==
  dependencies:
    caniuse-lite "^1.0.30001370"
    electron-to-chromium "^1.4.202"
    node-releases "^2.0.6"
    update-browserslist-db "^1.0.5"

bufferutil@^4.0.1:
  version "4.0.6"
  resolved "https://registry.npmjs.org/bufferutil/-/bufferutil-4.0.6.tgz#ebd6c67c7922a0e902f053e5d8be5ec850e48433"
  integrity sha512-jduaYOYtnio4aIAyc6UbvPCVcgq7nYpVnucyxr6eCYg/Woad9Hf/oxxBRDnGGjPfjUm6j5O/uBWhIu4iLebFaw==
  dependencies:
    node-gyp-build "^4.3.0"

cacheable-lookup@^6.0.4:
  version "6.1.0"
  resolved "https://registry.npmjs.org/cacheable-lookup/-/cacheable-lookup-6.1.0.tgz#0330a543471c61faa4e9035db583aad753b36385"
  integrity sha512-KJ/Dmo1lDDhmW2XDPMo+9oiy/CeqosPguPCrgcVzKyZrL6pM1gU2GmPY/xo6OQPTUaA/c0kwHuywB4E6nmT9ww==

cacheable-request@^7.0.2:
  version "7.0.2"
  resolved "https://registry.npmjs.org/cacheable-request/-/cacheable-request-7.0.2.tgz#ea0d0b889364a25854757301ca12b2da77f91d27"
  integrity sha512-pouW8/FmiPQbuGpkXQ9BAPv/Mo5xDGANgSNXzTzJ8DrKGuXOssM4wIQRjfanNRh3Yu5cfYPvcorqbhg2KIJtew==
  dependencies:
    clone-response "^1.0.2"
    get-stream "^5.1.0"
    http-cache-semantics "^4.0.0"
    keyv "^4.0.0"
    lowercase-keys "^2.0.0"
    normalize-url "^6.0.1"
    responselike "^2.0.0"

callsites@^3.1.0:
  version "3.1.0"
  resolved "https://registry.npmjs.org/callsites/-/callsites-3.1.0.tgz#b3630abd8943432f54b3f0519238e33cd7df2f73"
  integrity sha512-P8BjAsXvZS+VIDUI11hHCQEv74YT67YUi5JJFNWIqL235sBmjX4+qx9Muvls5ivyNENctx46xQLQ3aTuE7ssaQ==

caniuse-lite@^1.0.30001370:
  version "1.0.30001381"
  resolved "https://registry.npmjs.org/caniuse-lite/-/caniuse-lite-1.0.30001381.tgz#e62955310e6e69cdf4b40bc5bc0895aa24bc4b8b"
  integrity sha512-fEnkDOKpvp6qc+olg7+NzE1SqyfiyKf4uci7fAU38M3zxs0YOyKOxW/nMZ2l9sJbt7KZHcDIxUnbI0Iime7V4w==

cheerio@*:
  version "0.22.0"
  resolved "https://registry.npmjs.org/cheerio/-/cheerio-0.22.0.tgz#a9baa860a3f9b595a6b81b1a86873121ed3a269e"
  integrity sha512-8/MzidM6G/TgRelkzDG13y3Y9LxBjCb+8yOEZ9+wwq5gVF2w2pV0wmHvjfT0RvuxGyR7UEuK36r+yYMbT4uKgA==
  dependencies:
    css-select "~1.2.0"
    dom-serializer "~0.1.0"
    entities "~1.1.1"
    htmlparser2 "^3.9.1"
    lodash.assignin "^4.0.9"
    lodash.bind "^4.1.4"
    lodash.defaults "^4.0.1"
    lodash.filter "^4.4.0"
    lodash.flatten "^4.2.0"
    lodash.foreach "^4.3.0"
    lodash.map "^4.4.0"
    lodash.merge "^4.4.0"
    lodash.pick "^4.2.1"
    lodash.reduce "^4.4.0"
    lodash.reject "^4.4.0"
    lodash.some "^4.4.0"

clone-response@^1.0.2:
  version "1.0.3"
  resolved "https://registry.npmjs.org/clone-response/-/clone-response-1.0.3.tgz#af2032aa47816399cf5f0a1d0db902f517abb8c3"
  integrity sha512-ROoL94jJH2dUVML2Y/5PEDNaSHgeOdSDicUyS7izcF63G6sTc/FTjLub4b8Il9S8S0beOfYt0TaA5qvFK+w0wA==
  dependencies:
    mimic-response "^1.0.0"

compress-brotli@^1.3.8:
  version "1.3.8"
  resolved "https://registry.npmjs.org/compress-brotli/-/compress-brotli-1.3.8.tgz#0c0a60c97a989145314ec381e84e26682e7b38db"
  integrity sha512-lVcQsjhxhIXsuupfy9fmZUFtAIdBmXA7EGY6GBdgZ++qkM9zG4YFT8iU7FoBxzryNDMOpD1HIFHUSX4D87oqhQ==
  dependencies:
    "@types/json-buffer" "~3.0.0"
    json-buffer "~3.0.1"

create-require@^1.1.0:
  version "1.1.1"
  resolved "https://registry.npmjs.org/create-require/-/create-require-1.1.1.tgz#c1d7e8f1e5f6cfc9ff65f9cd352d37348756c333"
  integrity sha512-dcKFX3jn0MpIaXjisoRvexIJVEKzaq7z2rZKxf+MSr9TkdmHmsU4m2lcLojrj/FHl8mk5VxMmYA+ftRkP/3oKQ==

cross-fetch@^3.0.6, cross-fetch@^3.1.0, cross-fetch@^3.1.5:
  version "3.1.5"
  resolved "https://registry.npmjs.org/cross-fetch/-/cross-fetch-3.1.5.tgz#e1389f44d9e7ba767907f7af8454787952ab534f"
  integrity sha512-lvb1SBsI0Z7GDwmuid+mU3kWVBwTVUbe7S0H52yaaAdQOXq2YktTCZdlAcNKFzE6QtRz0snpw9bNiPeOIkkQvw==
  dependencies:
    node-fetch "2.6.7"

css-select@~1.2.0:
  version "1.2.0"
  resolved "https://registry.npmjs.org/css-select/-/css-select-1.2.0.tgz#2b3a110539c5355f1cd8d314623e870b121ec858"
  integrity sha512-dUQOBoqdR7QwV90WysXPLXG5LO7nhYBgiWVfxF80DKPF8zx1t/pUd2FYy73emg3zrjtM6dzmYgbHKfV2rxiHQA==
  dependencies:
    boolbase "~1.0.0"
    css-what "2.1"
    domutils "1.5.1"
    nth-check "~1.0.1"

css-what@2.1:
  version "2.1.3"
  resolved "https://registry.npmjs.org/css-what/-/css-what-2.1.3.tgz#a6d7604573365fe74686c3f311c56513d88285f2"
  integrity sha512-a+EPoD+uZiNfh+5fxw2nO9QwFa6nJe2Or35fGY6Ipw1R3R4AGz1d1TEZrCegvw2YTmZ0jXirGYlzxxpYSHwpEg==

d@1, d@^1.0.1:
  version "1.0.1"
  resolved "https://registry.npmjs.org/d/-/d-1.0.1.tgz#8698095372d58dbee346ffd0c7093f99f8f9eb5a"
  integrity sha512-m62ShEObQ39CfralilEQRjH6oAMtNCV1xJyEx5LpRYUVN+EviphDgUc/F3hnYbADmkiNs67Y+3ylmlG7Lnu+FA==
  dependencies:
    es5-ext "^0.10.50"
    type "^1.0.1"

debug@^2.2.0:
  version "2.6.9"
  resolved "https://registry.npmjs.org/debug/-/debug-2.6.9.tgz#5d128515df134ff327e90a4c93f4e077a536341f"
  integrity sha512-bC7ElrdJaJnPbAP+1EotYvqZsb3ecl5wi6Bfi6BJTUcNowp6cvspg0jXznRTKDjm/E7AdgFBVeAPVMNcKGsHMA==
  dependencies:
    ms "2.0.0"

decompress-response@^6.0.0:
  version "6.0.0"
  resolved "https://registry.npmjs.org/decompress-response/-/decompress-response-6.0.0.tgz#ca387612ddb7e104bd16d85aab00d5ecf09c66fc"
  integrity sha512-aW35yZM6Bb/4oJlZncMH2LCoZtJXTRxES17vE3hoRiowU2kWHaJKFkSBDnDR+cm9J+9QhXmREyIfv0pji9ejCQ==
  dependencies:
    mimic-response "^3.1.0"

defer-to-connect@^2.0.0:
  version "2.0.1"
  resolved "https://registry.npmjs.org/defer-to-connect/-/defer-to-connect-2.0.1.tgz#8016bdb4143e4632b77a3449c6236277de520587"
  integrity sha512-4tvttepXG1VaYGrRibk5EwJd1t4udunSOVMdLSAL6mId1ix438oPwPZMALY41FCijukO1L0twNcGsdzS7dHgDg==

diff@^4.0.1:
  version "4.0.2"
  resolved "https://registry.npmjs.org/diff/-/diff-4.0.2.tgz#60f3aecb89d5fae520c11aa19efc2bb982aade7d"
  integrity sha512-58lmxKSA4BNyLz+HHMUzlOEpg09FV+ev6ZMe3vJihgdxzgcwZ8VoEEPmALCZG9LmqfVoNMMKpttIYTVG6uDY7A==

dom-serializer@0:
  version "0.2.2"
  resolved "https://registry.npmjs.org/dom-serializer/-/dom-serializer-0.2.2.tgz#1afb81f533717175d478655debc5e332d9f9bb51"
  integrity sha512-2/xPb3ORsQ42nHYiSunXkDjPLBaEj/xTwUO4B7XCZQTRk7EBtTOPaygh10YAAh2OI1Qrp6NWfpAhzswj0ydt9g==
  dependencies:
    domelementtype "^2.0.1"
    entities "^2.0.0"

dom-serializer@~0.1.0:
  version "0.1.1"
  resolved "https://registry.npmjs.org/dom-serializer/-/dom-serializer-0.1.1.tgz#1ec4059e284babed36eec2941d4a970a189ce7c0"
  integrity sha512-l0IU0pPzLWSHBcieZbpOKgkIn3ts3vAh7ZuFyXNwJxJXk/c4Gwj9xaTJwIDVQCXawWD0qb3IzMGH5rglQaO0XA==
  dependencies:
    domelementtype "^1.3.0"
    entities "^1.1.1"

domelementtype@1, domelementtype@^1.3.0, domelementtype@^1.3.1:
  version "1.3.1"
  resolved "https://registry.npmjs.org/domelementtype/-/domelementtype-1.3.1.tgz#d048c44b37b0d10a7f2a3d5fee3f4333d790481f"
  integrity sha512-BSKB+TSpMpFI/HOxCNr1O8aMOTZ8hT3pM3GQ0w/mWRmkhEDSFJkkyzz4XQsBV44BChwGkrDfMyjVD0eA2aFV3w==

domelementtype@^2.0.1:
  version "2.3.0"
  resolved "https://registry.npmjs.org/domelementtype/-/domelementtype-2.3.0.tgz#5c45e8e869952626331d7aab326d01daf65d589d"
  integrity sha512-OLETBj6w0OsagBwdXnPdN0cnMfF9opN69co+7ZrbfPGrdpPVNBUj02spi6B1N7wChLQiPn4CSH/zJvXw56gmHw==

domhandler@^2.3.0:
  version "2.4.2"
  resolved "https://registry.npmjs.org/domhandler/-/domhandler-2.4.2.tgz#8805097e933d65e85546f726d60f5eb88b44f803"
  integrity sha512-JiK04h0Ht5u/80fdLMCEmV4zkNh2BcoMFBmZ/91WtYZ8qVXSKjiw7fXMgFPnHcSZgOo3XdinHvmnDUeMf5R4wA==
  dependencies:
    domelementtype "1"

domutils@1.5.1:
  version "1.5.1"
  resolved "https://registry.npmjs.org/domutils/-/domutils-1.5.1.tgz#dcd8488a26f563d61079e48c9f7b7e32373682cf"
  integrity sha512-gSu5Oi/I+3wDENBsOWBiRK1eoGxcywYSqg3rR960/+EfY0CF4EX1VPkgHOZ3WiS/Jg2DtliF6BhWcHlfpYUcGw==
  dependencies:
    dom-serializer "0"
    domelementtype "1"

domutils@^1.5.1:
  version "1.7.0"
  resolved "https://registry.npmjs.org/domutils/-/domutils-1.7.0.tgz#56ea341e834e06e6748af7a1cb25da67ea9f8c2a"
  integrity sha512-Lgd2XcJ/NjEw+7tFvfKxOzCYKZsdct5lczQ2ZaQY8Djz7pfAD3Gbp8ySJWtreII/vDlMVmxwa6pHmdxIYgttDg==
  dependencies:
    dom-serializer "0"
    domelementtype "1"

dot-prop@^6.0.1:
  version "6.0.1"
  resolved "https://registry.npmjs.org/dot-prop/-/dot-prop-6.0.1.tgz#fc26b3cf142b9e59b74dbd39ed66ce620c681083"
  integrity sha512-tE7ztYzXHIeyvc7N+hR3oi7FIbf/NIjVP9hmAt3yMXzrQ072/fpjGLx2GxNxGxUl5V73MEqYzioOMoVhGMJ5cA==
  dependencies:
    is-obj "^2.0.0"

dotenv@^16.0.1:
  version "16.0.1"
  resolved "https://registry.npmjs.org/dotenv/-/dotenv-16.0.1.tgz#8f8f9d94876c35dac989876a5d3a82a267fdce1d"
  integrity sha512-1K6hR6wtk2FviQ4kEiSjFiH5rpzEVi8WW0x96aztHVMhEspNpc4DVOUTEHtEva5VThQ8IaBX1Pe4gSzpVVUsKQ==

electron-to-chromium@^1.4.202:
  version "1.4.225"
  resolved "https://registry.npmjs.org/electron-to-chromium/-/electron-to-chromium-1.4.225.tgz#3e27bdd157cbaf19768141f2e0f0f45071e52338"
  integrity sha512-ICHvGaCIQR3P88uK8aRtx8gmejbVJyC6bB4LEC3anzBrIzdzC7aiZHY4iFfXhN4st6I7lMO0x4sgBHf/7kBvRw==

end-of-stream@^1.1.0:
  version "1.4.4"
  resolved "https://registry.npmjs.org/end-of-stream/-/end-of-stream-1.4.4.tgz#5ae64a5f45057baf3626ec14da0ca5e4b2431eb0"
  integrity sha512-+uw1inIHVPQoaVuHzRyXd21icM+cnt4CzD5rW+NC1wjOUSTOs+Te7FOv7AhN7vS9x/oIyhLP5PR1H+phQAHu5Q==
  dependencies:
    once "^1.4.0"

entities@^1.1.1, entities@~1.1.1:
  version "1.1.2"
  resolved "https://registry.npmjs.org/entities/-/entities-1.1.2.tgz#bdfa735299664dfafd34529ed4f8522a275fea56"
  integrity sha512-f2LZMYl1Fzu7YSBKg+RoROelpOaNrcGmE9AZubeDfrCEia483oW4MI4VyFd5VNHIgQ/7qm1I0wUHK1eJnn2y2w==

entities@^2.0.0:
  version "2.2.0"
  resolved "https://registry.npmjs.org/entities/-/entities-2.2.0.tgz#098dc90ebb83d8dffa089d55256b351d34c4da55"
  integrity sha512-p92if5Nz619I0w+akJrLZH0MX0Pb5DX39XOwQTtXSdQQOaYH03S1uIQp4mhOZtAXrxq4ViO67YTiLBo2638o9A==

es5-ext@^0.10.35, es5-ext@^0.10.50:
  version "0.10.62"
  resolved "https://registry.npmjs.org/es5-ext/-/es5-ext-0.10.62.tgz#5e6adc19a6da524bf3d1e02bbc8960e5eb49a9a5"
  integrity sha512-BHLqn0klhEpnOKSrzn/Xsz2UIW8j+cGmo9JLzr8BiUapV8hPL9+FliFqjwr9ngW7jWdnxv6eO+/LqyhJVqgrjA==
  dependencies:
    es6-iterator "^2.0.3"
    es6-symbol "^3.1.3"
    next-tick "^1.1.0"

es6-iterator@^2.0.3:
  version "2.0.3"
  resolved "https://registry.npmjs.org/es6-iterator/-/es6-iterator-2.0.3.tgz#a7de889141a05a94b0854403b2d0a0fbfa98f3b7"
  integrity sha512-zw4SRzoUkd+cl+ZoE15A9o1oQd920Bb0iOJMQkQhl3jNc03YqVjAhG7scf9C5KWRU/R13Orf588uCC6525o02g==
  dependencies:
    d "1"
    es5-ext "^0.10.35"
    es6-symbol "^3.1.1"

es6-symbol@^3.1.1, es6-symbol@^3.1.3:
  version "3.1.3"
  resolved "https://registry.npmjs.org/es6-symbol/-/es6-symbol-3.1.3.tgz#bad5d3c1bcdac28269f4cb331e431c78ac705d18"
  integrity sha512-NJ6Yn3FuDinBaBRWl/q5X/s4koRHBrgKAu+yGI6JCBeiu3qrcbJhwT2GeR/EXVfylRk8dpQVJoLEFhK+Mu31NA==
  dependencies:
    d "^1.0.1"
    ext "^1.1.2"

escalade@^3.1.1:
  version "3.1.1"
  resolved "https://registry.npmjs.org/escalade/-/escalade-3.1.1.tgz#d8cfdc7000965c5a0174b4a82eaa5c0552742e40"
  integrity sha512-k0er2gUkLf8O0zKJiAhmkTnJlTvINGv7ygDNPbeIsX/TJjGJZHuh9B2UxbsaEkmlEo9MfhrSzmhIlhRlI2GXnw==

ext@^1.1.2:
  version "1.6.0"
  resolved "https://registry.npmjs.org/ext/-/ext-1.6.0.tgz#3871d50641e874cc172e2b53f919842d19db4c52"
  integrity sha512-sdBImtzkq2HpkdRLtlLWDa6w4DX22ijZLKx8BMPUuKe1c5lbN6xwQDQCxSfxBQnHZ13ls/FH0MQZx/q/gr6FQg==
  dependencies:
    type "^2.5.0"

form-data-encoder@1.7.2:
  version "1.7.2"
  resolved "https://registry.npmjs.org/form-data-encoder/-/form-data-encoder-1.7.2.tgz#1f1ae3dccf58ed4690b86d87e4f57c654fbab040"
  integrity sha512-qfqtYan3rxrnCk1VYaA4H+Ms9xdpPqvLZa6xmMgFvhO32x7/3J/ExcTd6qpxM0vH2GdMI+poehyBZvqfMTto8A==

generative-bayesian-network@^2.0.4:
  version "2.0.5"
  resolved "https://registry.npmjs.org/generative-bayesian-network/-/generative-bayesian-network-2.0.5.tgz#b334805bcb76e3ee91c1312a0a25a70e517239e5"
  integrity sha512-+EXrTuvUc8Y8ZHTEHrvQmuLCFnlICH0rlRaO33sXr4FHMEAu//m/K+lIY9LR33NY+T4rszTi66F9nqfYOap6Hw==
  dependencies:
    adm-zip "^0.5.9"
    tslib "^2.4.0"

get-stream@^5.1.0:
  version "5.2.0"
  resolved "https://registry.npmjs.org/get-stream/-/get-stream-5.2.0.tgz#4966a1795ee5ace65e706c4b7beb71257d6e22d3"
  integrity sha512-nBF+F1rAZVCu/p7rjzgA+Yb4lfYXrpl7a6VmJrU8wF9I1CKvP/QwPNZHnOlwbTkY6dvtFIzFMSyQXbLoTQPRpA==
  dependencies:
    pump "^3.0.0"

get-stream@^6.0.1:
  version "6.0.1"
  resolved "https://registry.npmjs.org/get-stream/-/get-stream-6.0.1.tgz#a262d8eef67aced57c2852ad6167526a43cbf7b7"
  integrity sha512-ts6Wi+2j3jQjqi70w5AlN8DFnkSwC+MqmxEzdEALB2qXZYV3X/b1CTfgPLGJNMeAWxdPfU8FO1ms3NUfaHCPYg==

got-cjs@12.3.1:
  version "12.3.1"
  resolved "https://registry.npmjs.org/got-cjs/-/got-cjs-12.3.1.tgz#bbf778f4c5c437a929b92f8ba8daa1925bdc01db"
  integrity sha512-FeIc0hmE/bkAeIsXrprCqikH1a1Z4UqIkuFSV8jTmStFtEqoFI8rwhdpqPvLoCJcoYTJJlADpW1NVtuWjR8Q8Q==
  dependencies:
    "@sindresorhus/is" "4.6.0"
    "@szmarczak/http-timer" "4.0.6"
    "@types/cacheable-request" "^6.0.2"
    "@types/responselike" "^1.0.0"
    cacheable-lookup "^6.0.4"
    cacheable-request "^7.0.2"
    decompress-response "^6.0.0"
    form-data-encoder "1.7.2"
    get-stream "^6.0.1"
    http2-wrapper "^2.1.10"
    lowercase-keys "2.0.0"
    p-cancelable "2.1.1"
    responselike "^2.0.0"

got-scraping@^3.2.10:
  version "3.2.10"
  resolved "https://registry.npmjs.org/got-scraping/-/got-scraping-3.2.10.tgz#6b7b38fa7106b0b486fe92a54c3cf78d0f23b457"
  integrity sha512-bu+8kcnZqlQlKU4rIVuHrC1up9HzcNM83VtWYCHkpJk+mVyt2+ThZIy5dHhOlxsjqXPB2/7TFFh/4rlweuF5IQ==
  dependencies:
    got-cjs "12.3.1"
    header-generator "2.0.6"
    http2-wrapper "^2.1.11"
    mimic-response "^3.1.0"
    ow "^0.28.1"
    quick-lru "^5.1.1"
    tslib "^2.4.0"

header-generator@2.0.6:
  version "2.0.6"
  resolved "https://registry.npmjs.org/header-generator/-/header-generator-2.0.6.tgz#864b6312b99bbaae061c7d750f789c4f56fe430f"
  integrity sha512-+5yyn4LQPV+WVx1tmAlVBOdKTp1nXKlz+MW5MWN3tdoSERS/QCQbYUm+jAgE98ZBuP8tcOgVkU2aLIpnfXuBJA==
  dependencies:
    browserslist "^4.21.1"
    generative-bayesian-network "^2.0.4"
    ow "^0.28.1"
    tslib "^2.4.0"

htmlparser2@^3.9.1:
  version "3.10.1"
  resolved "https://registry.npmjs.org/htmlparser2/-/htmlparser2-3.10.1.tgz#bd679dc3f59897b6a34bb10749c855bb53a9392f"
  integrity sha512-IgieNijUMbkDovyoKObU1DUhm1iwNYE/fuifEoEHfd1oZKZDaONBSkal7Y01shxsM49R4XaMdGez3WnF9UfiCQ==
  dependencies:
    domelementtype "^1.3.1"
    domhandler "^2.3.0"
    domutils "^1.5.1"
    entities "^1.1.1"
    inherits "^2.0.1"
    readable-stream "^3.1.1"

http-cache-semantics@^4.0.0:
  version "4.1.0"
  resolved "https://registry.npmjs.org/http-cache-semantics/-/http-cache-semantics-4.1.0.tgz#49e91c5cbf36c9b94bcfcd71c23d5249ec74e390"
  integrity sha512-carPklcUh7ROWRK7Cv27RPtdhYhUsela/ue5/jKzjegVvXDqM2ILE9Q2BGn9JZJh1g87cp56su/FgQSzcWS8cQ==

http2-wrapper@^2.1.10, http2-wrapper@^2.1.11:
  version "2.1.11"
  resolved "https://registry.npmjs.org/http2-wrapper/-/http2-wrapper-2.1.11.tgz#d7c980c7ffb85be3859b6a96c800b2951ae257ef"
  integrity sha512-aNAk5JzLturWEUiuhAN73Jcbq96R7rTitAoXV54FYMatvihnpD2+6PUgU4ce3D/m5VDbw+F5CsyKSF176ptitQ==
  dependencies:
    quick-lru "^5.1.1"
    resolve-alpn "^1.2.0"

inherits@^2.0.1, inherits@^2.0.3:
  version "2.0.4"
  resolved "https://registry.npmjs.org/inherits/-/inherits-2.0.4.tgz#0fa2c64f932917c3433a0ded55363aae37416b7c"
  integrity sha512-k/vGaX4/Yla3WzyMCvTQOXYeIHvqOKtnqBduzTHpzpQZzAskKMhZ2K+EnBiSM9zGSoIFeMpXKxa4dYeZIQqewQ==

is-obj@^2.0.0:
  version "2.0.0"
  resolved "https://registry.npmjs.org/is-obj/-/is-obj-2.0.0.tgz#473fb05d973705e3fd9620545018ca8e22ef4982"
  integrity sha512-drqDG3cbczxxEJRoOXcOjtdp1J/lyp1mNn0xaznRs8+muBhgQcrnbspox5X5fOw0HnMnbfDzvnEMEtqDEJEo8w==

is-typedarray@^1.0.0:
  version "1.0.0"
  resolved "https://registry.npmjs.org/is-typedarray/-/is-typedarray-1.0.0.tgz#e479c80858df0c1b11ddda6940f96011fcda4a9a"
  integrity sha512-cyA56iCMHAh5CdzjJIa4aohJyeO1YbwLi3Jc35MmRU6poroFjIGZzUzupGiRPOjgHg9TLu43xbpwXk523fMxKA==

json-buffer@3.0.1, json-buffer@~3.0.1:
  version "3.0.1"
  resolved "https://registry.npmjs.org/json-buffer/-/json-buffer-3.0.1.tgz#9338802a30d3b6605fbe0613e094008ca8c05a13"
  integrity sha512-4bV5BfR2mqfQTJm+V5tPPdf+ZpuhiIvTuAB5g8kcrXOZpTT/QwwVRWBywX1ozr6lEuPdbHxwaJlm9G6mI2sfSQ==

keyv@^4.0.0:
  version "4.4.1"
  resolved "https://registry.npmjs.org/keyv/-/keyv-4.4.1.tgz#5d97bae8dfbb6788ebc9330daf5eb6582e2d3d1c"
  integrity sha512-PzByhNxfBLnSBW2MZi1DF+W5+qB/7BMpOokewqIvqS8GFtP7xHm2oeGU72Y1fhtfOv/FiEnI4+nyViYDmUChnw==
  dependencies:
    compress-brotli "^1.3.8"
    json-buffer "3.0.1"

lodash.assignin@^4.0.9:
  version "4.2.0"
  resolved "https://registry.npmjs.org/lodash.assignin/-/lodash.assignin-4.2.0.tgz#ba8df5fb841eb0a3e8044232b0e263a8dc6a28a2"
  integrity sha512-yX/rx6d/UTVh7sSVWVSIMjfnz95evAgDFdb1ZozC35I9mSFCkmzptOzevxjgbQUsc78NR44LVHWjsoMQXy9FDg==

lodash.bind@^4.1.4:
  version "4.2.1"
  resolved "https://registry.npmjs.org/lodash.bind/-/lodash.bind-4.2.1.tgz#7ae3017e939622ac31b7d7d7dcb1b34db1690d35"
  integrity sha512-lxdsn7xxlCymgLYo1gGvVrfHmkjDiyqVv62FAeF2i5ta72BipE1SLxw8hPEPLhD4/247Ijw07UQH7Hq/chT5LA==

lodash.defaults@^4.0.1:
  version "4.2.0"
  resolved "https://registry.npmjs.org/lodash.defaults/-/lodash.defaults-4.2.0.tgz#d09178716ffea4dde9e5fb7b37f6f0802274580c"
  integrity sha512-qjxPLHd3r5DnsdGacqOMU6pb/avJzdh9tFX2ymgoZE27BmjXrNy/y4LoaiTeAb+O3gL8AfpJGtqfX/ae2leYYQ==

lodash.filter@^4.4.0:
  version "4.6.0"
  resolved "https://registry.npmjs.org/lodash.filter/-/lodash.filter-4.6.0.tgz#668b1d4981603ae1cc5a6fa760143e480b4c4ace"
  integrity sha512-pXYUy7PR8BCLwX5mgJ/aNtyOvuJTdZAo9EQFUvMIYugqmJxnrYaANvTbgndOzHSCSR0wnlBBfRXJL5SbWxo3FQ==

lodash.flatten@^4.2.0:
  version "4.4.0"
  resolved "https://registry.npmjs.org/lodash.flatten/-/lodash.flatten-4.4.0.tgz#f31c22225a9632d2bbf8e4addbef240aa765a61f"
  integrity sha512-C5N2Z3DgnnKr0LOpv/hKCgKdb7ZZwafIrsesve6lmzvZIRZRGaZ/l6Q8+2W7NaT+ZwO3fFlSCzCzrDCFdJfZ4g==

lodash.foreach@^4.3.0:
  version "4.5.0"
  resolved "https://registry.npmjs.org/lodash.foreach/-/lodash.foreach-4.5.0.tgz#1a6a35eace401280c7f06dddec35165ab27e3e53"
  integrity sha512-aEXTF4d+m05rVOAUG3z4vZZ4xVexLKZGF0lIxuHZ1Hplpk/3B6Z1+/ICICYRLm7c41Z2xiejbkCkJoTlypoXhQ==

lodash.isequal@^4.5.0:
  version "4.5.0"
  resolved "https://registry.npmjs.org/lodash.isequal/-/lodash.isequal-4.5.0.tgz#415c4478f2bcc30120c22ce10ed3226f7d3e18e0"
  integrity sha512-pDo3lu8Jhfjqls6GkMgpahsF9kCyayhgykjyLMNFTKWrpVdAQtYyB4muAMWozBB4ig/dtWAmsMxLEI8wuz+DYQ==

lodash.map@^4.4.0:
  version "4.6.0"
  resolved "https://registry.npmjs.org/lodash.map/-/lodash.map-4.6.0.tgz#771ec7839e3473d9c4cde28b19394c3562f4f6d3"
  integrity sha512-worNHGKLDetmcEYDvh2stPCrrQRkP20E4l0iIS7F8EvzMqBBi7ltvFN5m1HvTf1P7Jk1txKhvFcmYsCr8O2F1Q==

lodash.merge@^4.4.0:
  version "4.6.2"
  resolved "https://registry.npmjs.org/lodash.merge/-/lodash.merge-4.6.2.tgz#558aa53b43b661e1925a0afdfa36a9a1085fe57a"
  integrity sha512-0KpjqXRVvrYyCsX1swR/XTK0va6VQkQM6MNo7PqW77ByjAhoARA8EfrP1N4+KlKj8YS0ZUCtRT/YUuhyYDujIQ==

lodash.pick@^4.2.1:
  version "4.4.0"
  resolved "https://registry.npmjs.org/lodash.pick/-/lodash.pick-4.4.0.tgz#52f05610fff9ded422611441ed1fc123a03001b3"
  integrity sha512-hXt6Ul/5yWjfklSGvLQl8vM//l3FtyHZeuelpzK6mm99pNvN9yTDruNZPEJZD1oWrqo+izBmB7oUfWgcCX7s4Q==

lodash.reduce@^4.4.0:
  version "4.6.0"
  resolved "https://registry.npmjs.org/lodash.reduce/-/lodash.reduce-4.6.0.tgz#f1ab6b839299ad48f784abbf476596f03b914d3b"
  integrity sha512-6raRe2vxCYBhpBu+B+TtNGUzah+hQjVdu3E17wfusjyrXBka2nBS8OH/gjVZ5PvHOhWmIZTYri09Z6n/QfnNMw==

lodash.reject@^4.4.0:
  version "4.6.0"
  resolved "https://registry.npmjs.org/lodash.reject/-/lodash.reject-4.6.0.tgz#80d6492dc1470864bbf583533b651f42a9f52415"
  integrity sha512-qkTuvgEzYdyhiJBx42YPzPo71R1aEr0z79kAv7Ixg8wPFEjgRgJdUsGMG3Hf3OYSF/kHI79XhNlt+5Ar6OzwxQ==

lodash.some@^4.4.0:
  version "4.6.0"
  resolved "https://registry.npmjs.org/lodash.some/-/lodash.some-4.6.0.tgz#1bb9f314ef6b8baded13b549169b2a945eb68e4d"
  integrity sha512-j7MJE+TuT51q9ggt4fSgVqro163BEFjAt3u97IqU+JA2DkWl80nFTrowzLpZ/BnpN7rrl0JA/593NAdd8p/scQ==

lowercase-keys@2.0.0, lowercase-keys@^2.0.0:
  version "2.0.0"
  resolved "https://registry.npmjs.org/lowercase-keys/-/lowercase-keys-2.0.0.tgz#2603e78b7b4b0006cbca2fbcc8a3202558ac9479"
  integrity sha512-tqNXrS78oMOE73NMxK4EMLQsQowWf8jKooH9g7xPavRT706R6bkQJ6DY2Te7QukaZsulxa30wQ7bk0pm4XiHmA==

make-error@^1.1.1:
  version "1.3.6"
  resolved "https://registry.npmjs.org/make-error/-/make-error-1.3.6.tgz#2eb2e37ea9b67c4891f684a1394799af484cf7a2"
  integrity sha512-s8UhlNe7vPKomQhC1qFelMokr/Sc3AgNbso3n74mVPA5LTZwkB9NlXf4XPamLxJE8h0gh73rM94xvwRT2CVInw==

mimic-response@^1.0.0:
  version "1.0.1"
  resolved "https://registry.npmjs.org/mimic-response/-/mimic-response-1.0.1.tgz#4923538878eef42063cb8a3e3b0798781487ab1b"
  integrity sha512-j5EctnkH7amfV/q5Hgmoal1g2QHFJRraOtmx0JpIqkxhBhI/lJSl1nMpQ45hVarwNETOoWEimndZ4QK0RHxuxQ==

mimic-response@^3.1.0:
  version "3.1.0"
  resolved "https://registry.npmjs.org/mimic-response/-/mimic-response-3.1.0.tgz#2d1d59af9c1b129815accc2c46a022a5ce1fa3c9"
  integrity sha512-z0yWI+4FDrrweS8Zmt4Ej5HdJmky15+L2e6Wgn3+iK5fWzb6T3fhNFq2+MeTRb064c6Wr4N/wv0DzQTjNzHNGQ==

ms@2.0.0:
  version "2.0.0"
  resolved "https://registry.npmjs.org/ms/-/ms-2.0.0.tgz#5608aeadfc00be6c2901df5f9861788de0d597c8"
  integrity sha512-Tpp60P6IUJDTuOq/5Z8cdskzJujfwqfOTkrwIwj7IRISpnkJnT6SyJ4PCPnGMoFjC9ddhal5KVIYtAt97ix05A==

next-tick@^1.1.0:
  version "1.1.0"
  resolved "https://registry.npmjs.org/next-tick/-/next-tick-1.1.0.tgz#1836ee30ad56d67ef281b22bd199f709449b35eb"
  integrity sha512-CXdUiJembsNjuToQvxayPZF9Vqht7hewsvy2sOWafLvi2awflj9mOC6bHIg50orX8IJvWKY9wYQ/zB2kogPslQ==

node-fetch@2.6.7:
  version "2.6.7"
  resolved "https://registry.npmjs.org/node-fetch/-/node-fetch-2.6.7.tgz#24de9fba827e3b4ae44dc8b20256a379160052ad"
  integrity sha512-ZjMPFEfVx5j+y2yF35Kzx5sF7kDzxuDj6ziH4FFbOp87zKDZNx8yExJIb05OGF4Nlt9IHFIMBkRl41VdvcNdbQ==
  dependencies:
    whatwg-url "^5.0.0"

node-gyp-build@^4.3.0:
  version "4.5.0"
  resolved "https://registry.npmjs.org/node-gyp-build/-/node-gyp-build-4.5.0.tgz#7a64eefa0b21112f89f58379da128ac177f20e40"
  integrity sha512-2iGbaQBV+ITgCz76ZEjmhUKAKVf7xfY1sRl4UiKQspfZMH2h06SyhNsnSVy50cwkFQDGLyif6m/6uFXHkOZ6rg==

node-releases@^2.0.6:
  version "2.0.6"
  resolved "https://registry.npmjs.org/node-releases/-/node-releases-2.0.6.tgz#8a7088c63a55e493845683ebf3c828d8c51c5503"
  integrity sha512-PiVXnNuFm5+iYkLBNeq5211hvO38y63T0i2KKh2KnUs3RpzJ+JtODFjkD8yjLwnDkTYF1eKXheUwdssR+NRZdg==

normalize-url@^6.0.1:
  version "6.1.0"
  resolved "https://registry.npmjs.org/normalize-url/-/normalize-url-6.1.0.tgz#40d0885b535deffe3f3147bec877d05fe4c5668a"
  integrity sha512-DlL+XwOy3NxAQ8xuC0okPgK46iuVNAK01YN7RueYBqqFeGsBjV9XmCAzAdgt+667bCl5kPh9EqKKDwnaPG1I7A==

nth-check@~1.0.1:
  version "1.0.2"
  resolved "https://registry.npmjs.org/nth-check/-/nth-check-1.0.2.tgz#b2bd295c37e3dd58a3bf0700376663ba4d9cf05c"
  integrity sha512-WeBOdju8SnzPN5vTUJYxYUxLeXpCaVP5i5e0LF8fg7WORF2Wd7wFX/pk0tYZk7s8T+J7VLy0Da6J1+wCT0AtHg==
  dependencies:
    boolbase "~1.0.0"

once@^1.3.1, once@^1.4.0:
  version "1.4.0"
  resolved "https://registry.npmjs.org/once/-/once-1.4.0.tgz#583b1aa775961d4b113ac17d9c50baef9dd76bd1"
  integrity sha512-lNaJgI+2Q5URQBkccEKHTQOPaXdUxnZZElQTZY0MFUAuaEqe1E+Nyvgdz/aIyNi6Z9MzO5dv1H8n58/GELp3+w==
  dependencies:
    wrappy "1"

ow@^0.28.1:
  version "0.28.1"
  resolved "https://registry.npmjs.org/ow/-/ow-0.28.1.tgz#e7cf19a0994a4ace78f38976f11f2a080f51a570"
  integrity sha512-1EZTywPZeUKac9gD7q8np3Aj+V54kvfIcjNEVNDSbG2Ys5xA5foW2HquvMMqgyWGLqIFMlc0Iq/HmyMHqN48sA==
  dependencies:
    "@sindresorhus/is" "^4.2.0"
    callsites "^3.1.0"
    dot-prop "^6.0.1"
    lodash.isequal "^4.5.0"
    type-fest "^2.3.4"
    vali-date "^1.0.0"

p-cancelable@2.1.1:
  version "2.1.1"
  resolved "https://registry.npmjs.org/p-cancelable/-/p-cancelable-2.1.1.tgz#aab7fbd416582fa32a3db49859c122487c5ed2cf"
  integrity sha512-BZOr3nRQHOntUjTrH8+Lh54smKHoHyur8We1V8DSMVrl5A2malOOwuJRnKRDjSnkoeBh4at6BwEnb5I7Jl31wg==

picocolors@^1.0.0:
  version "1.0.0"
  resolved "https://registry.npmjs.org/picocolors/-/picocolors-1.0.0.tgz#cb5bdc74ff3f51892236eaf79d68bc44564ab81c"
  integrity sha512-1fygroTLlHu66zi26VoTDv8yRgm0Fccecssto+MhsZ0D/DGW2sm8E8AjW7NU5VVTRt5GxbeZ5qBuJr+HyLYkjQ==

pump@^3.0.0:
  version "3.0.0"
  resolved "https://registry.npmjs.org/pump/-/pump-3.0.0.tgz#b4a2116815bde2f4e1ea602354e8c75565107a64"
  integrity sha512-LwZy+p3SFs1Pytd/jYct4wpv49HiYCqd9Rlc5ZVdk0V+8Yzv6jR5Blk3TRmPL1ft69TxP0IMZGJ+WPFU2BFhww==
  dependencies:
    end-of-stream "^1.1.0"
    once "^1.3.1"

quick-lru@^5.1.1:
  version "5.1.1"
  resolved "https://registry.npmjs.org/quick-lru/-/quick-lru-5.1.1.tgz#366493e6b3e42a3a6885e2e99d18f80fb7a8c932"
  integrity sha512-WuyALRjWPDGtt/wzJiadO5AXY+8hZ80hVpe6MyivgraREW751X3SbhRvG3eLKOYN+8VEvqLcf3wdnt44Z4S4SA==

readable-stream@^3.1.1:
  version "3.6.0"
  resolved "https://registry.npmjs.org/readable-stream/-/readable-stream-3.6.0.tgz#337bbda3adc0706bd3e024426a286d4b4b2c9198"
  integrity sha512-BViHy7LKeTz4oNnkcLJ+lVSL6vpiFeX6/d3oSH8zCW7UxP2onchk+vTGB143xuFjHS3deTgkKoXXymXqymiIdA==
  dependencies:
    inherits "^2.0.3"
    string_decoder "^1.1.1"
    util-deprecate "^1.0.1"

resolve-alpn@^1.2.0:
  version "1.2.1"
  resolved "https://registry.npmjs.org/resolve-alpn/-/resolve-alpn-1.2.1.tgz#b7adbdac3546aaaec20b45e7d8265927072726f9"
  integrity sha512-0a1F4l73/ZFZOakJnQ3FvkJ2+gSTQWz/r2KE5OdDY0TxPm5h4GkqkWWfM47T7HsbnOtcJVEF4epCVy6u7Q3K+g==

responselike@^2.0.0:
  version "2.0.1"
  resolved "https://registry.npmjs.org/responselike/-/responselike-2.0.1.tgz#9a0bc8fdc252f3fb1cca68b016591059ba1422bc"
  integrity sha512-4gl03wn3hj1HP3yzgdI7d3lCkF95F21Pz4BPGvKHinyQzALR5CapwC8yIi0Rh58DEMQ/SguC03wFj2k0M/mHhw==
  dependencies:
    lowercase-keys "^2.0.0"

safe-buffer@~5.2.0:
  version "5.2.1"
  resolved "https://registry.npmjs.org/safe-buffer/-/safe-buffer-5.2.1.tgz#1eaf9fa9bdb1fdd4ec75f58f9cdb4e6b7827eec6"
  integrity sha512-rp3So07KcdmmKbGvgaNxQSJr7bGVSVk5S9Eq1F+ppbRo70+YeaDxkw5Dd8NPN+GD6bjnYm2VuPuCXmpuYvmCXQ==

string_decoder@^1.1.1:
  version "1.3.0"
  resolved "https://registry.npmjs.org/string_decoder/-/string_decoder-1.3.0.tgz#42f114594a46cf1a8e30b0a84f56c78c3edac21e"
  integrity sha512-hkRX8U1WjJFd8LsDJ2yQ/wWWxaopEsABU1XfkM8A+j0+85JAGppt16cr1Whg6KIbb4okU6Mql6BOj+uup/wKeA==
  dependencies:
    safe-buffer "~5.2.0"

tr46@~0.0.3:
  version "0.0.3"
  resolved "https://registry.npmjs.org/tr46/-/tr46-0.0.3.tgz#8184fd347dac9cdc185992f3a6622e14b9d9ab6a"
  integrity sha512-N3WMsuqV66lT30CrXNbEjx4GEwlow3v6rr4mCcv6prnfwhS01rkgyFdjPNBYd9br7LpXV1+Emh01fHnq2Gdgrw==

ts-node@^10.9.1:
  version "10.9.1"
  resolved "https://registry.npmjs.org/ts-node/-/ts-node-10.9.1.tgz#e73de9102958af9e1f0b168a6ff320e25adcff4b"
  integrity sha512-NtVysVPkxxrwFGUUxGYhfux8k78pQB3JqYBXlLRZgdGUqTO5wU/UyHop5p70iEbGhB7q5KmiZiU0Y3KlJrScEw==
  dependencies:
    "@cspotcode/source-map-support" "^0.8.0"
    "@tsconfig/node10" "^1.0.7"
    "@tsconfig/node12" "^1.0.7"
    "@tsconfig/node14" "^1.0.0"
    "@tsconfig/node16" "^1.0.2"
    acorn "^8.4.1"
    acorn-walk "^8.1.1"
    arg "^4.1.0"
    create-require "^1.1.0"
    diff "^4.0.1"
    make-error "^1.1.1"
    v8-compile-cache-lib "^3.0.1"
    yn "3.1.1"

tslib@^2.4.0:
  version "2.4.0"
  resolved "https://registry.npmjs.org/tslib/-/tslib-2.4.0.tgz#7cecaa7f073ce680a05847aa77be941098f36dc3"
  integrity sha512-d6xOpEDfsi2CZVlPQzGeux8XMwLT9hssAsaPYExaQMuYskwb+x1x7J371tWlbBdWHroy99KnVB6qIkUbs5X3UQ==

type-fest@^2.3.4:
  version "2.19.0"
  resolved "https://registry.npmjs.org/type-fest/-/type-fest-2.19.0.tgz#88068015bb33036a598b952e55e9311a60fd3a9b"
  integrity sha512-RAH822pAdBgcNMAfWnCBU3CFZcfZ/i1eZjwFU/dsLKumyuuP3niueg2UAukXYF0E2AAoc82ZSSf9J0WQBinzHA==

type@^1.0.1:
  version "1.2.0"
  resolved "https://registry.npmjs.org/type/-/type-1.2.0.tgz#848dd7698dafa3e54a6c479e759c4bc3f18847a0"
  integrity sha512-+5nt5AAniqsCnu2cEQQdpzCAh33kVx8n0VoFidKpB1dVVLAN/F+bgVOqOJqOnEnrhp222clB5p3vUlD+1QAnfg==

type@^2.5.0:
  version "2.7.2"
  resolved "https://registry.npmjs.org/type/-/type-2.7.2.tgz#2376a15a3a28b1efa0f5350dcf72d24df6ef98d0"
  integrity sha512-dzlvlNlt6AXU7EBSfpAscydQ7gXB+pPGsPnfJnZpiNJBDj7IaJzQlBZYGdEi4R9HmPdBv2XmWJ6YUtoTa7lmCw==

typedarray-to-buffer@^3.1.5:
  version "3.1.5"
  resolved "https://registry.npmjs.org/typedarray-to-buffer/-/typedarray-to-buffer-3.1.5.tgz#a97ee7a9ff42691b9f783ff1bc5112fe3fca9080"
  integrity sha512-zdu8XMNEDepKKR+XYOXAVPtWui0ly0NtohUscw+UmaHiAWT8hrV1rr//H6V+0DvJ3OQ19S979M0laLfX8rm82Q==
  dependencies:
    is-typedarray "^1.0.0"

typescript@^4.7.4:
  version "4.7.4"
  resolved "https://registry.npmjs.org/typescript/-/typescript-4.7.4.tgz#1a88596d1cf47d59507a1bcdfb5b9dfe4d488235"
  integrity sha512-C0WQT0gezHuw6AdY1M2jxUO83Rjf0HP7Sk1DtXj6j1EwkQNZrHAg2XPWlq62oqEhYvONq5pkC2Y9oPljWToLmQ==

update-browserslist-db@^1.0.5:
  version "1.0.5"
  resolved "https://registry.npmjs.org/update-browserslist-db/-/update-browserslist-db-1.0.5.tgz#be06a5eedd62f107b7c19eb5bcefb194411abf38"
  integrity sha512-dteFFpCyvuDdr9S/ff1ISkKt/9YZxKjI9WlRR99c180GaztJtRa/fn18FdxGVKVsnPY7/a/FDN68mcvUmP4U7Q==
  dependencies:
    escalade "^3.1.1"
    picocolors "^1.0.0"

utf-8-validate@^5.0.2:
  version "5.0.9"
  resolved "https://registry.npmjs.org/utf-8-validate/-/utf-8-validate-5.0.9.tgz#ba16a822fbeedff1a58918f2a6a6b36387493ea3"
  integrity sha512-Yek7dAy0v3Kl0orwMlvi7TPtiCNrdfHNd7Gcc/pLq4BLXqfAmd0J7OWMizUQnTTJsyjKn02mU7anqwfmUP4J8Q==
  dependencies:
    node-gyp-build "^4.3.0"

util-deprecate@^1.0.1:
  version "1.0.2"
  resolved "https://registry.npmjs.org/util-deprecate/-/util-deprecate-1.0.2.tgz#450d4dc9fa70de732762fbd2d4a28981419a0ccf"
  integrity sha512-EPD5q1uXyFxJpCrLnCc1nHnq3gOa6DZBocAIiI2TaSCA7VCJ1UJDMagCzIkXNsUYfD1daK//LTEQ8xiIbrHtcw==

v8-compile-cache-lib@^3.0.1:
  version "3.0.1"
  resolved "https://registry.npmjs.org/v8-compile-cache-lib/-/v8-compile-cache-lib-3.0.1.tgz#6336e8d71965cb3d35a1bbb7868445a7c05264bf"
  integrity sha512-wa7YjyUGfNZngI/vtK0UHAN+lgDCxBPCylVXGp0zu59Fz5aiGtNXaq3DhIov063MorB+VfufLh3JlF2KdTK3xg==

vali-date@^1.0.0:
  version "1.0.0"
  resolved "https://registry.npmjs.org/vali-date/-/vali-date-1.0.0.tgz#1b904a59609fb328ef078138420934f6b86709a6"
  integrity sha512-sgECfZthyaCKW10N0fm27cg8HYTFK5qMWgypqkXMQ4Wbl/zZKx7xZICgcoxIIE+WFAP/MBL2EFwC/YvLxw3Zeg==

webidl-conversions@^3.0.0:
  version "3.0.1"
  resolved "https://registry.npmjs.org/webidl-conversions/-/webidl-conversions-3.0.1.tgz#24534275e2a7bc6be7bc86611cc16ae0a5654871"
  integrity sha512-2JAn3z8AR6rjK8Sm8orRC0h/bcl/DqL7tRPdGZ4I1CjdF+EaMLmYxBHyXuKL849eucPFhvBoxMsflfOb8kxaeQ==

websocket@^1.0.34:
  version "1.0.34"
  resolved "https://registry.npmjs.org/websocket/-/websocket-1.0.34.tgz#2bdc2602c08bf2c82253b730655c0ef7dcab3111"
  integrity sha512-PRDso2sGwF6kM75QykIesBijKSVceR6jL2G8NGYyq2XrItNC2P5/qL5XeR056GhA+Ly7JMFvJb9I312mJfmqnQ==
  dependencies:
    bufferutil "^4.0.1"
    debug "^2.2.0"
    es5-ext "^0.10.50"
    typedarray-to-buffer "^3.1.5"
    utf-8-validate "^5.0.2"
    yaeti "^0.0.6"

whatwg-url@^5.0.0:
  version "5.0.0"
  resolved "https://registry.npmjs.org/whatwg-url/-/whatwg-url-5.0.0.tgz#966454e8765462e37644d3626f6742ce8b70965d"
  integrity sha512-saE57nupxk6v3HY35+jzBwYa0rKSy0XR8JSxZPwgLr7ys0IBzhGviA1/TUGJLmSVqs8pb9AnvICXEuOHLprYTw==
  dependencies:
    tr46 "~0.0.3"
    webidl-conversions "^3.0.0"

wrappy@1:
  version "1.0.2"
  resolved "https://registry.npmjs.org/wrappy/-/wrappy-1.0.2.tgz#b5243d8f3ec1aa35f1364605bc0d1036e30ab69f"
  integrity sha512-l4Sp/DRseor9wL6EvV2+TuQn63dMkPjZ/sp9XkghTEbV9KlPS1xUsZ3u7/IQO4wxtcFB4bgpQPRcR3QCvezPcQ==

yaeti@^0.0.6:
  version "0.0.6"
  resolved "https://registry.npmjs.org/yaeti/-/yaeti-0.0.6.tgz#f26f484d72684cf42bedfb76970aa1608fbf9577"
  integrity sha512-MvQa//+KcZCUkBTIC9blM+CU9J2GzuTytsOUwf2lidtvkx/6gnEp1QvJv34t9vdjhFmha/mUiNDbN0D0mJWdug==

yn@3.1.1:
  version "3.1.1"
  resolved "https://registry.npmjs.org/yn/-/yn-3.1.1.tgz#1e87401a09d767c1d5eab26a6e4c185182d2eb50"
  integrity sha512-Ux4ygGWsu2c7isFWe8Yu1YluJmqVhxqK2cLXNQA5AcC3QfbGNpM7fu0Y8b/z16pXLnFxZYvWhd3fhBY9DLmC6Q==
